
Microsoft Visual Studio Solution File, Format Version 12.00
# Visual Studio 2013
VisualStudioVersion = 12.0.40629.0
MinimumVisualStudioVersion = 10.0.40219.1
Project("{FAE04EC0-301F-11D3-BF4B-00C04F79EFBC}") = "JQueryContactsChallenge", "JQueryContactsChallenge\JQueryContactsChallenge.csproj", "{102B6655-9833-4A3F-921A-70315D649717}"
EndProject
Project("{FAE04EC0-301F-11D3-BF4B-00C04F79EFBC}") = "JQueryContactsChallenge.Tests", "JQueryContactsChallenge.Tests\JQueryContactsChallenge.Tests.csproj", "{92ADB62E-977C-4818-915A-13C763CE27B8}"
EndProject
Project("{00D1A9C2-B5F0-4AF3-8072-F6C62B433612}") = "JQueryContactsChallengeDb", "JQueryContactsChallengeDb\JQueryContactsChallengeDb.sqlproj", "{A7F8EEC7-E31B-470B-AE61-CF720E6944D8}"
EndProject
Global
	GlobalSection(TeamFoundationVersionControl) = preSolution
		SccNumberOfProjects = 4
		SccEnterpriseProvider = {4CA58AB2-18FA-4F8D-95D4-32DDF27D184C}
		SccTeamFoundationServer = https://leonarderwine.visualstudio.com/defaultcollection
		SccLocalPath0 = .
		SccProjectUniqueName1 = JQueryContactsChallenge.Tests\\JQueryContactsChallenge.Tests.csproj
		SccProjectName1 = JQueryContactsChallenge.Tests
		SccLocalPath1 = JQueryContactsChallenge.Tests
		SccProjectUniqueName2 = JQueryContactsChallenge\\JQueryContactsChallenge.csproj
		SccProjectName2 = JQueryContactsChallenge
		SccLocalPath2 = JQueryContactsChallenge
		SccProjectUniqueName3 = JQueryContactsChallengeDb\\JQueryContactsChallengeDb.sqlproj
		SccProjectName3 = JQueryContactsChallengeDb
		SccLocalPath3 = JQueryContactsChallengeDb
	EndGlobalSection
	GlobalSection(SolutionConfigurationPlatforms) = preSolution
		Debug|Any CPU = Debug|Any CPU
		Release|Any CPU = Release|Any CPU
	EndGlobalSection
	GlobalSection(ProjectConfigurationPlatforms) = postSolution
		{102B6655-9833-4A3F-921A-70315D649717}.Debug|Any CPU.ActiveCfg = Debug|Any CPU
		{102B6655-9833-4A3F-921A-70315D649717}.Debug|Any CPU.Build.0 = Debug|Any CPU
		{102B6655-9833-4A3F-921A-70315D649717}.Release|Any CPU.ActiveCfg = Release|Any CPU
		{102B6655-9833-4A3F-921A-70315D649717}.Release|Any CPU.Build.0 = Release|Any CPU
		{92ADB62E-977C-4818-915A-13C763CE27B8}.Debug|Any CPU.ActiveCfg = Debug|Any CPU
		{92ADB62E-977C-4818-915A-13C763CE27B8}.Debug|Any CPU.Build.0 = Debug|Any CPU
		{92ADB62E-977C-4818-915A-13C763CE27B8}.Release|Any CPU.ActiveCfg = Release|Any CPU
		{92ADB62E-977C-4818-915A-13C763CE27B8}.Release|Any CPU.Build.0 = Release|Any CPU
		{A7F8EEC7-E31B-470B-AE61-CF720E6944D8}.Debug|Any CPU.ActiveCfg = Debug|Any CPU
		{A7F8EEC7-E31B-470B-AE61-CF720E6944D8}.Debug|Any CPU.Build.0 = Debug|Any CPU
		{A7F8EEC7-E31B-470B-AE61-CF720E6944D8}.Debug|Any CPU.Deploy.0 = Debug|Any CPU
		{A7F8EEC7-E31B-470B-AE61-CF720E6944D8}.Release|Any CPU.ActiveCfg = Release|Any CPU
		{A7F8EEC7-E31B-470B-AE61-CF720E6944D8}.Release|Any CPU.Build.0 = Release|Any CPU
		{A7F8EEC7-E31B-470B-AE61-CF720E6944D8}.Release|Any CPU.Deploy.0 = Release|Any CPU
	EndGlobalSection
	GlobalSection(SolutionProperties) = preSolution
		HideSolutionNode = FALSE
	EndGlobalSection
EndGlobal
